
Microsoft Visual Studio Solution File, Format Version 12.00
# Visual Studio 15
VisualStudioVersion = 15.0.27703.2035
MinimumVisualStudioVersion = 10.0.40219.1
Project("{9A19103F-16F7-4668-BE54-9A1E7A4F7556}") = "Avt.Web.Backend.Data", "Avt.Web.Backend.Data\Avt.Web.Backend.Data.csproj", "{C9779536-97C7-4CFD-9CCD-186C41A4B9EA}"
EndProject
Project("{2150E333-8FDC-42A3-9474-1A3956D46DE8}") = "SolutionItems", "SolutionItems", "{7220C7D6-98D7-4D2E-B712-9A7F02CA1EBE}"
	ProjectSection(SolutionItems) = preProject
		buildspec.yml = buildspec.yml
		deployment.sh = deployment.sh
		Dockerfile = Dockerfile
		Dockerrun.aws.json = Dockerrun.aws.json
		task_definition.json = task_definition.json
	EndProjectSection
EndProject
Project("{2150E333-8FDC-42A3-9474-1A3956D46DE8}") = "nginx", "nginx", "{C10C71F3-77F7-4A6A-B0D7-02BEA5DD3C46}"
	ProjectSection(SolutionItems) = preProject
		nginx\makecert.bat = nginx\makecert.bat
		nginx\makecert.sh = nginx\makecert.sh
		nginx\nginx.conf = nginx\nginx.conf
		nginx\nginx.Dockerfile = nginx\nginx.Dockerfile
		nginx\server.crt = nginx\server.crt
		nginx\server.key = nginx\server.key
	EndProjectSection
EndProject
Project("{9A19103F-16F7-4668-BE54-9A1E7A4F7556}") = "Avt.Web.Backend", "Avt.Web.Backend\Avt.Web.Backend.csproj", "{B8A5D056-5862-48E4-A31C-F8847525D527}"
EndProject
Global
	GlobalSection(SolutionConfigurationPlatforms) = preSolution
		Debug|Any CPU = Debug|Any CPU
		Release|Any CPU = Release|Any CPU
	EndGlobalSection
	GlobalSection(ProjectConfigurationPlatforms) = postSolution
		{C9779536-97C7-4CFD-9CCD-186C41A4B9EA}.Debug|Any CPU.ActiveCfg = Debug|Any CPU
		{C9779536-97C7-4CFD-9CCD-186C41A4B9EA}.Debug|Any CPU.Build.0 = Debug|Any CPU
		{C9779536-97C7-4CFD-9CCD-186C41A4B9EA}.Release|Any CPU.ActiveCfg = Release|Any CPU
		{C9779536-97C7-4CFD-9CCD-186C41A4B9EA}.Release|Any CPU.Build.0 = Release|Any CPU
		{B8A5D056-5862-48E4-A31C-F8847525D527}.Debug|Any CPU.ActiveCfg = Debug|Any CPU
		{B8A5D056-5862-48E4-A31C-F8847525D527}.Debug|Any CPU.Build.0 = Debug|Any CPU
		{B8A5D056-5862-48E4-A31C-F8847525D527}.Release|Any CPU.ActiveCfg = Release|Any CPU
		{B8A5D056-5862-48E4-A31C-F8847525D527}.Release|Any CPU.Build.0 = Release|Any CPU
	EndGlobalSection
	GlobalSection(SolutionProperties) = preSolution
		HideSolutionNode = FALSE
	EndGlobalSection
	GlobalSection(NestedProjects) = preSolution
		{C10C71F3-77F7-4A6A-B0D7-02BEA5DD3C46} = {7220C7D6-98D7-4D2E-B712-9A7F02CA1EBE}
	EndGlobalSection
	GlobalSection(ExtensibilityGlobals) = postSolution
		SolutionGuid = {ABB51042-D911-4315-A4BF-EF17A68F54B1}
	EndGlobalSection
EndGlobal
