
Microsoft Visual Studio Solution File, Format Version 12.00
# Visual Studio 15
VisualStudioVersion = 15.0.27703.2035
MinimumVisualStudioVersion = 10.0.40219.1
Project("{9A19103F-16F7-4668-BE54-9A1E7A4F7556}") = "Avt.Web.Backend.Data", "Avt.Web.Backend.Data\Avt.Web.Backend.Data.csproj", "{C9779536-97C7-4CFD-9CCD-186C41A4B9EA}"
EndProject
Project("{9A19103F-16F7-4668-BE54-9A1E7A4F7556}") = "Avt.Web.Backend", "Avt.Web.Backend\Avt.Web.Backend.csproj", "{06C5311D-B4A3-4869-839A-0F588E91245C}"
EndProject
Global
	GlobalSection(SolutionConfigurationPlatforms) = preSolution
		Debug|Any CPU = Debug|Any CPU
		Release|Any CPU = Release|Any CPU
	EndGlobalSection
	GlobalSection(ProjectConfigurationPlatforms) = postSolution
		{C9779536-97C7-4CFD-9CCD-186C41A4B9EA}.Debug|Any CPU.ActiveCfg = Debug|Any CPU
		{C9779536-97C7-4CFD-9CCD-186C41A4B9EA}.Debug|Any CPU.Build.0 = Debug|Any CPU
		{C9779536-97C7-4CFD-9CCD-186C41A4B9EA}.Release|Any CPU.ActiveCfg = Release|Any CPU
		{C9779536-97C7-4CFD-9CCD-186C41A4B9EA}.Release|Any CPU.Build.0 = Release|Any CPU
		{06C5311D-B4A3-4869-839A-0F588E91245C}.Debug|Any CPU.ActiveCfg = Debug|Any CPU
		{06C5311D-B4A3-4869-839A-0F588E91245C}.Debug|Any CPU.Build.0 = Debug|Any CPU
		{06C5311D-B4A3-4869-839A-0F588E91245C}.Release|Any CPU.ActiveCfg = Release|Any CPU
		{06C5311D-B4A3-4869-839A-0F588E91245C}.Release|Any CPU.Build.0 = Release|Any CPU
	EndGlobalSection
	GlobalSection(SolutionProperties) = preSolution
		HideSolutionNode = FALSE
	EndGlobalSection
	GlobalSection(ExtensibilityGlobals) = postSolution
		SolutionGuid = {ABB51042-D911-4315-A4BF-EF17A68F54B1}
	EndGlobalSection
EndGlobal
